
Microsoft Visual Studio Solution File, Format Version 12.00
# Visual Studio Version 17
VisualStudioVersion = 17.3.32825.248
MinimumVisualStudioVersion = 10.0.40219.1
Project("{FAE04EC0-301F-11D3-BF4B-00C04F79EFBC}") = "NZWalksAPI", "NZWalksAPI\NZWalksAPI.csproj", "{90D65758-6328-4EEA-AC08-F74CC94EAACD}"
EndProject
Global
	GlobalSection(SolutionConfigurationPlatforms) = preSolution
		Debug|Any CPU = Debug|Any CPU
		Release|Any CPU = Release|Any CPU
	EndGlobalSection
	GlobalSection(ProjectConfigurationPlatforms) = postSolution
		{90D65758-6328-4EEA-AC08-F74CC94EAACD}.Debug|Any CPU.ActiveCfg = Debug|Any CPU
		{90D65758-6328-4EEA-AC08-F74CC94EAACD}.Debug|Any CPU.Build.0 = Debug|Any CPU
		{90D65758-6328-4EEA-AC08-F74CC94EAACD}.Release|Any CPU.ActiveCfg = Release|Any CPU
		{90D65758-6328-4EEA-AC08-F74CC94EAACD}.Release|Any CPU.Build.0 = Release|Any CPU
	EndGlobalSection
	GlobalSection(SolutionProperties) = preSolution
		HideSolutionNode = FALSE
	EndGlobalSection
	GlobalSection(ExtensibilityGlobals) = postSolution
		SolutionGuid = {AA7D1EAA-D2C7-4FFB-BBF8-223095F6179F}
	EndGlobalSection
EndGlobal
